<?xml version="1.0" encoding="utf-8"?>
<Project ToolsVersion="4.0" xmlns="http://schemas.microsoft.com/developer/msbuild/2003">
  <ItemGroup>
    <Filter Include="win32">
      <UniqueIdentifier>{84a8ebd7-7cf0-47f6-b75e-d441df67da40}</UniqueIdentifier>
    </Filter>
    <Filter Include="src">
      <UniqueIdentifier>{bb6c862e-70e9-49d9-81b7-3829a6f50471}</UniqueIdentifier>
    </Filter>
    <Filter Include="src\Core">
      <UniqueIdentifier>{bd140e60-2f16-474d-86b0-8af9c89f1596}</UniqueIdentifier>
    </Filter>
    <Filter Include="src\Utils">
      <UniqueIdentifier>{1f36728e-3219-4240-9372-03666736379b}</UniqueIdentifier>
    </Filter>
    <Filter Include="src\Scene">
      <UniqueIdentifier>{a4d51ed6-4180-4009-b418-fd88d47ca7c9}</UniqueIdentifier>
    </Filter>
    <Filter Include="src\Core\Map">
      <UniqueIdentifier>{6e679475-460a-41d2-85f5-9787650ac997}</UniqueIdentifier>
    </Filter>
    <Filter Include="src\Core\Object">
      <UniqueIdentifier>{3a486351-eb76-4758-8b41-3003895845a4}</UniqueIdentifier>
    </Filter>
  </ItemGroup>
  <ItemGroup>
    <ClCompile Include="main.cpp">
      <Filter>win32</Filter>
    </ClCompile>
    <ClCompile Include="..\Classes\AppDelegate.cpp">
      <Filter>src</Filter>
    </ClCompile>
    <ClCompile Include="..\Classes\GameScene.cpp">
      <Filter>src\Scene</Filter>
    </ClCompile>
    <ClCompile Include="..\Classes\HelloWorldScene.cpp">
      <Filter>src\Scene</Filter>
    </ClCompile>
    <ClCompile Include="..\Classes\PlayScene.cpp">
      <Filter>src\Scene</Filter>
    </ClCompile>
    <ClCompile Include="..\Classes\TileMap.cpp">
      <Filter>src\Core\Map</Filter>
    </ClCompile>
    <ClCompile Include="..\Classes\MapController.cpp">
      <Filter>src\Core\Map</Filter>
    </ClCompile>
    <ClCompile Include="..\Classes\Ghost.cpp">
      <Filter>src\Core\Object</Filter>
    </ClCompile>
    <ClCompile Include="..\Classes\MovableObject.cpp">
      <Filter>src\Core\Object</Filter>
    </ClCompile>
    <ClCompile Include="..\Classes\Pacman.cpp">
      <Filter>src\Core\Object</Filter>
    </ClCompile>
    <ClCompile Include="..\Classes\StaticObject.cpp">
      <Filter>src\Core\Object</Filter>
    </ClCompile>
    <ClCompile Include="..\Classes\TileFood.cpp">
      <Filter>src\Core\Map</Filter>
    </ClCompile>
    <ClCompile Include="..\Classes\TileBlock.cpp">
      <Filter>src\Core\Map</Filter>
    </ClCompile>
    <ClCompile Include="..\Classes\TileTeleport.cpp">
      <Filter>src\Core\Map</Filter>
    </ClCompile>
    <ClCompile Include="..\Classes\TileBase.cpp">
      <Filter>src\Core\Map</Filter>
    </ClCompile>
  </ItemGroup>
  <ItemGroup>
    <ClInclude Include="main.h">
      <Filter>win32</Filter>
    </ClInclude>
    <ClInclude Include="..\Classes\AppDelegate.h">
      <Filter>src</Filter>
    </ClInclude>
    <ClInclude Include="..\Classes\GameScene.h">
      <Filter>src\Scene</Filter>
    </ClInclude>
    <ClInclude Include="..\Classes\HelloWorldScene.h">
      <Filter>src\Scene</Filter>
    </ClInclude>
    <ClInclude Include="..\Classes\PlayScene.h">
      <Filter>src\Scene</Filter>
    </ClInclude>
    <ClInclude Include="..\Classes\Enum.h">
      <Filter>src\Utils</Filter>
    </ClInclude>
    <ClInclude Include="..\Classes\TileMap.h">
      <Filter>src\Core\Map</Filter>
    </ClInclude>
    <ClInclude Include="..\Classes\MapController.h">
      <Filter>src\Core\Map</Filter>
    </ClInclude>
    <ClInclude Include="..\Classes\StaticObject.h">
      <Filter>src\Core\Object</Filter>
    </ClInclude>
    <ClInclude Include="..\Classes\Ghost.h">
      <Filter>src\Core\Object</Filter>
    </ClInclude>
    <ClInclude Include="..\Classes\MovableObject.h">
      <Filter>src\Core\Object</Filter>
    </ClInclude>
    <ClInclude Include="..\Classes\Pacman.h">
      <Filter>src\Core\Object</Filter>
    </ClInclude>
    <ClInclude Include="..\Classes\TileFood.h">
      <Filter>src\Core\Map</Filter>
    </ClInclude>
    <ClInclude Include="..\Classes\TileBlock.h">
      <Filter>src\Core\Map</Filter>
    </ClInclude>
    <ClInclude Include="..\Classes\TileTeleport.h">
      <Filter>src\Core\Map</Filter>
    </ClInclude>
    <ClInclude Include="..\Classes\TileBase.h">
      <Filter>src\Core\Map</Filter>
    </ClInclude>
  </ItemGroup>
</Project>